
Microsoft Visual Studio Solution File, Format Version 12.00
# Visual Studio Version 17
VisualStudioVersion = 17.2.32630.192
MinimumVisualStudioVersion = 10.0.40219.1
Project("{FAE04EC0-301F-11D3-BF4B-00C04F79EFBC}") = "WebApplication2", "WebApplication2\WebApplication2.csproj", "{228F0465-59CE-4BA0-BE26-87C6EC9FF67E}"
EndProject
Global
	GlobalSection(SolutionConfigurationPlatforms) = preSolution
		Debug|Any CPU = Debug|Any CPU
		Release|Any CPU = Release|Any CPU
	EndGlobalSection
	GlobalSection(ProjectConfigurationPlatforms) = postSolution
		{228F0465-59CE-4BA0-BE26-87C6EC9FF67E}.Debug|Any CPU.ActiveCfg = Debug|Any CPU
		{228F0465-59CE-4BA0-BE26-87C6EC9FF67E}.Debug|Any CPU.Build.0 = Debug|Any CPU
		{228F0465-59CE-4BA0-BE26-87C6EC9FF67E}.Release|Any CPU.ActiveCfg = Release|Any CPU
		{228F0465-59CE-4BA0-BE26-87C6EC9FF67E}.Release|Any CPU.Build.0 = Release|Any CPU
	EndGlobalSection
	GlobalSection(SolutionProperties) = preSolution
		HideSolutionNode = FALSE
	EndGlobalSection
	GlobalSection(ExtensibilityGlobals) = postSolution
		SolutionGuid = {104F684E-C8D1-4BB2-84B4-CF9A6A9A4833}
	EndGlobalSection
EndGlobal
